
Microsoft Visual Studio Solution File, Format Version 12.00
# Visual Studio 15
VisualStudioVersion = 15.0.26730.3
MinimumVisualStudioVersion = 10.0.40219.1
Project("{FAE04EC0-301F-11D3-BF4B-00C04F79EFBC}") = "Orders", "Orders\Orders.csproj", "{962AA0CD-BF87-4241-9886-24F0AB33030B}"
EndProject
Project("{FAE04EC0-301F-11D3-BF4B-00C04F79EFBC}") = "Payments", "Payments\Payments.csproj", "{A6EFA556-6368-40F8-98F0-69FF4AEF6A1A}"
EndProject
Project("{FAE04EC0-301F-11D3-BF4B-00C04F79EFBC}") = "AzureServiceBusForwarder", "AzureServiceBusForwarder\AzureServiceBusForwarder.csproj", "{45D359F4-C16B-4A95-AD99-DBDDCCD5E87C}"
EndProject
Project("{FAE04EC0-301F-11D3-BF4B-00C04F79EFBC}") = "AzureServiceBusForwarder.Tests", "AzureServiceBusForwarder.Tests\AzureServiceBusForwarder.Tests.csproj", "{465AFB04-FD8B-45B4-8C0D-8D0936F612FD}"
EndProject
Project("{2150E333-8FDC-42A3-9474-1A3956D46DE8}") = "Demo", "Demo", "{87DA468B-E596-4926-9F7E-462C153AECEB}"
EndProject
Project("{FAE04EC0-301F-11D3-BF4B-00C04F79EFBC}") = "AzureServiceBusForwarder.IntegrationTests", "AzureServiceBusForwarder.IntegrationTests\AzureServiceBusForwarder.IntegrationTests.csproj", "{53FA5422-71B2-4374-B537-6E0622296319}"
EndProject
Global
	GlobalSection(SolutionConfigurationPlatforms) = preSolution
		Debug|Any CPU = Debug|Any CPU
		Release|Any CPU = Release|Any CPU
	EndGlobalSection
	GlobalSection(ProjectConfigurationPlatforms) = postSolution
		{962AA0CD-BF87-4241-9886-24F0AB33030B}.Debug|Any CPU.ActiveCfg = Debug|Any CPU
		{962AA0CD-BF87-4241-9886-24F0AB33030B}.Debug|Any CPU.Build.0 = Debug|Any CPU
		{962AA0CD-BF87-4241-9886-24F0AB33030B}.Release|Any CPU.ActiveCfg = Release|Any CPU
		{962AA0CD-BF87-4241-9886-24F0AB33030B}.Release|Any CPU.Build.0 = Release|Any CPU
		{A6EFA556-6368-40F8-98F0-69FF4AEF6A1A}.Debug|Any CPU.ActiveCfg = Debug|Any CPU
		{A6EFA556-6368-40F8-98F0-69FF4AEF6A1A}.Debug|Any CPU.Build.0 = Debug|Any CPU
		{A6EFA556-6368-40F8-98F0-69FF4AEF6A1A}.Release|Any CPU.ActiveCfg = Release|Any CPU
		{A6EFA556-6368-40F8-98F0-69FF4AEF6A1A}.Release|Any CPU.Build.0 = Release|Any CPU
		{45D359F4-C16B-4A95-AD99-DBDDCCD5E87C}.Debug|Any CPU.ActiveCfg = Debug|Any CPU
		{45D359F4-C16B-4A95-AD99-DBDDCCD5E87C}.Debug|Any CPU.Build.0 = Debug|Any CPU
		{45D359F4-C16B-4A95-AD99-DBDDCCD5E87C}.Release|Any CPU.ActiveCfg = Release|Any CPU
		{45D359F4-C16B-4A95-AD99-DBDDCCD5E87C}.Release|Any CPU.Build.0 = Release|Any CPU
		{465AFB04-FD8B-45B4-8C0D-8D0936F612FD}.Debug|Any CPU.ActiveCfg = Debug|Any CPU
		{465AFB04-FD8B-45B4-8C0D-8D0936F612FD}.Debug|Any CPU.Build.0 = Debug|Any CPU
		{465AFB04-FD8B-45B4-8C0D-8D0936F612FD}.Release|Any CPU.ActiveCfg = Release|Any CPU
		{465AFB04-FD8B-45B4-8C0D-8D0936F612FD}.Release|Any CPU.Build.0 = Release|Any CPU
		{53FA5422-71B2-4374-B537-6E0622296319}.Debug|Any CPU.ActiveCfg = Debug|Any CPU
		{53FA5422-71B2-4374-B537-6E0622296319}.Debug|Any CPU.Build.0 = Debug|Any CPU
		{53FA5422-71B2-4374-B537-6E0622296319}.Release|Any CPU.ActiveCfg = Release|Any CPU
		{53FA5422-71B2-4374-B537-6E0622296319}.Release|Any CPU.Build.0 = Release|Any CPU
	EndGlobalSection
	GlobalSection(SolutionProperties) = preSolution
		HideSolutionNode = FALSE
	EndGlobalSection
	GlobalSection(NestedProjects) = preSolution
		{962AA0CD-BF87-4241-9886-24F0AB33030B} = {87DA468B-E596-4926-9F7E-462C153AECEB}
		{A6EFA556-6368-40F8-98F0-69FF4AEF6A1A} = {87DA468B-E596-4926-9F7E-462C153AECEB}
	EndGlobalSection
	GlobalSection(ExtensibilityGlobals) = postSolution
		SolutionGuid = {7529B491-F673-484F-ACB8-35A5A43B07B6}
	EndGlobalSection
EndGlobal
