
Microsoft Visual Studio Solution File, Format Version 12.00
# Visual Studio 15
VisualStudioVersion = 15.0.26430.4
MinimumVisualStudioVersion = 10.0.40219.1
Project("{FAE04EC0-301F-11D3-BF4B-00C04F79EFBC}") = "Orders", "Orders\Orders.csproj", "{962AA0CD-BF87-4241-9886-24F0AB33030B}"
EndProject
Project("{FAE04EC0-301F-11D3-BF4B-00C04F79EFBC}") = "Payments", "Payments\Payments.csproj", "{A6EFA556-6368-40F8-98F0-69FF4AEF6A1A}"
EndProject
Global
	GlobalSection(SolutionConfigurationPlatforms) = preSolution
		Debug|Any CPU = Debug|Any CPU
		Release|Any CPU = Release|Any CPU
	EndGlobalSection
	GlobalSection(ProjectConfigurationPlatforms) = postSolution
		{962AA0CD-BF87-4241-9886-24F0AB33030B}.Debug|Any CPU.ActiveCfg = Debug|Any CPU
		{962AA0CD-BF87-4241-9886-24F0AB33030B}.Debug|Any CPU.Build.0 = Debug|Any CPU
		{962AA0CD-BF87-4241-9886-24F0AB33030B}.Release|Any CPU.ActiveCfg = Release|Any CPU
		{962AA0CD-BF87-4241-9886-24F0AB33030B}.Release|Any CPU.Build.0 = Release|Any CPU
		{A6EFA556-6368-40F8-98F0-69FF4AEF6A1A}.Debug|Any CPU.ActiveCfg = Debug|Any CPU
		{A6EFA556-6368-40F8-98F0-69FF4AEF6A1A}.Debug|Any CPU.Build.0 = Debug|Any CPU
		{A6EFA556-6368-40F8-98F0-69FF4AEF6A1A}.Release|Any CPU.ActiveCfg = Release|Any CPU
		{A6EFA556-6368-40F8-98F0-69FF4AEF6A1A}.Release|Any CPU.Build.0 = Release|Any CPU
	EndGlobalSection
	GlobalSection(SolutionProperties) = preSolution
		HideSolutionNode = FALSE
	EndGlobalSection
EndGlobal
